// !$*UTF8*$!
{
	archiveVersion = 1;
	classes = {
	};
	objectVersion = 46;
	objects = {

/* Begin PBXBuildFile section */
		E1CE15441F2CD2FC00966263 /* AppDelegate.swift in Sources */ = {isa = PBXBuildFile; fileRef = E1CE15431F2CD2FC00966263 /* AppDelegate.swift */; };
		E1CE15461F2CD2FC00966263 /* ViewController.swift in Sources */ = {isa = PBXBuildFile; fileRef = E1CE15451F2CD2FC00966263 /* ViewController.swift */; };
		E1CE15491F2CD2FC00966263 /* Main.storyboard in Resources */ = {isa = PBXBuildFile; fileRef = E1CE15471F2CD2FC00966263 /* Main.storyboard */; };
		E1CE154B1F2CD2FC00966263 /* Assets.xcassets in Resources */ = {isa = PBXBuildFile; fileRef = E1CE154A1F2CD2FC00966263 /* Assets.xcassets */; };
		E1CE154E1F2CD2FC00966263 /* LaunchScreen.storyboard in Resources */ = {isa = PBXBuildFile; fileRef = E1CE154C1F2CD2FC00966263 /* LaunchScreen.storyboard */; };
		E1CE15591F2CD2FC00966263 /* LocalNotificationTests.swift in Sources */ = {isa = PBXBuildFile; fileRef = E1CE15581F2CD2FC00966263 /* LocalNotificationTests.swift */; };
		E1CE15641F2CD2FC00966263 /* LocalNotificationUITests.swift in Sources */ = {isa = PBXBuildFile; fileRef = E1CE15631F2CD2FC00966263 /* LocalNotificationUITests.swift */; };
/* End PBXBuildFile section */

/* Begin PBXContainerItemProxy section */
		E1CE15551F2CD2FC00966263 /* PBXContainerItemProxy */ = {
			isa = PBXContainerItemProxy;
			containerPortal = E1CE15381F2CD2FC00966263 /* Project object */;
			proxyType = 1;
			remoteGlobalIDString = E1CE153F1F2CD2FC00966263;
			remoteInfo = LocalNotification;
		};
		E1CE15601F2CD2FC00966263 /* PBXContainerItemProxy */ = {
			isa = PBXContainerItemProxy;
			containerPortal = E1CE15381F2CD2FC00966263 /* Project object */;
			proxyType = 1;
			remoteGlobalIDString = E1CE153F1F2CD2FC00966263;
			remoteInfo = LocalNotification;
		};
/* End PBXContainerItemProxy section */

/* Begin PBXFileReference section */
		E1CE15401F2CD2FC00966263 /* LocalNotification.app */ = {isa = PBXFileReference; explicitFileType = wrapper.application; includeInIndex = 0; path = LocalNotification.app; sourceTree = BUILT_PRODUCTS_DIR; };
		E1CE15431F2CD2FC00966263 /* AppDelegate.swift */ = {isa = PBXFileReference; lastKnownFileType = sourcecode.swift; path = AppDelegate.swift; sourceTree = "<group>"; };
		E1CE15451F2CD2FC00966263 /* ViewController.swift */ = {isa = PBXFileReference; lastKnownFileType = sourcecode.swift; path = ViewController.swift; sourceTree = "<group>"; };
		E1CE15481F2CD2FC00966263 /* Base */ = {isa = PBXFileReference; lastKnownFileType = file.storyboard; name = Base; path = Base.lproj/Main.storyboard; sourceTree = "<group>"; };
		E1CE154A1F2CD2FC00966263 /* Assets.xcassets */ = {isa = PBXFileReference; lastKnownFileType = folder.assetcatalog; path = Assets.xcassets; sourceTree = "<group>"; };
		E1CE154D1F2CD2FC00966263 /* Base */ = {isa = PBXFileReference; lastKnownFileType = file.storyboard; name = Base; path = Base.lproj/LaunchScreen.storyboard; sourceTree = "<group>"; };
		E1CE154F1F2CD2FC00966263 /* Info.plist */ = {isa = PBXFileReference; lastKnownFileType = text.plist.xml; path = Info.plist; sourceTree = "<group>"; };
		E1CE15541F2CD2FC00966263 /* LocalNotificationTests.xctest */ = {isa = PBXFileReference; explicitFileType = wrapper.cfbundle; includeInIndex = 0; path = LocalNotificationTests.xctest; sourceTree = BUILT_PRODUCTS_DIR; };
		E1CE15581F2CD2FC00966263 /* LocalNotificationTests.swift */ = {isa = PBXFileReference; lastKnownFileType = sourcecode.swift; path = LocalNotificationTests.swift; sourceTree = "<group>"; };
		E1CE155A1F2CD2FC00966263 /* Info.plist */ = {isa = PBXFileReference; lastKnownFileType = text.plist.xml; path = Info.plist; sourceTree = "<group>"; };
		E1CE155F1F2CD2FC00966263 /* LocalNotificationUITests.xctest */ = {isa = PBXFileReference; explicitFileType = wrapper.cfbundle; includeInIndex = 0; path = LocalNotificationUITests.xctest; sourceTree = BUILT_PRODUCTS_DIR; };
		E1CE15631F2CD2FC00966263 /* LocalNotificationUITests.swift */ = {isa = PBXFileReference; lastKnownFileType = sourcecode.swift; path = LocalNotificationUITests.swift; sourceTree = "<group>"; };
		E1CE15651F2CD2FC00966263 /* Info.plist */ = {isa = PBXFileReference; lastKnownFileType = text.plist.xml; path = Info.plist; sourceTree = "<group>"; };
/* End PBXFileReference section */

/* Begin PBXFrameworksBuildPhase section */
		E1CE153D1F2CD2FC00966263 /* Frameworks */ = {
			isa = PBXFrameworksBuildPhase;
			buildActionMask = 2147483647;
			files = (
			);
			runOnlyForDeploymentPostprocessing = 0;
		};
		E1CE15511F2CD2FC00966263 /* Frameworks */ = {
			isa = PBXFrameworksBuildPhase;
			buildActionMask = 2147483647;
			files = (
			);
			runOnlyForDeploymentPostprocessing = 0;
		};
		E1CE155C1F2CD2FC00966263 /* Frameworks */ = {
			isa = PBXFrameworksBuildPhase;
			buildActionMask = 2147483647;
			files = (
			);
			runOnlyForDeploymentPostprocessing = 0;
		};
/* End PBXFrameworksBuildPhase section */

/* Begin PBXGroup section */
		E1CE15371F2CD2FC00966263 = {
			isa = PBXGroup;
			children = (
				E1CE15421F2CD2FC00966263 /* LocalNotification */,
				E1CE15571F2CD2FC00966263 /* LocalNotificationTests */,
				E1CE15621F2CD2FC00966263 /* LocalNotificationUITests */,
				E1CE15411F2CD2FC00966263 /* Products */,
			);
			sourceTree = "<group>";
		};
		E1CE15411F2CD2FC00966263 /* Products */ = {
			isa = PBXGroup;
			children = (
				E1CE15401F2CD2FC00966263 /* LocalNotification.app */,
				E1CE15541F2CD2FC00966263 /* LocalNotificationTests.xctest */,
				E1CE155F1F2CD2FC00966263 /* LocalNotificationUITests.xctest */,
			);
			name = Products;
			sourceTree = "<group>";
		};
		E1CE15421F2CD2FC00966263 /* LocalNotification */ = {
			isa = PBXGroup;
			children = (
				E1CE15431F2CD2FC00966263 /* AppDelegate.swift */,
				E1CE15451F2CD2FC00966263 /* ViewController.swift */,
				E1CE15471F2CD2FC00966263 /* Main.storyboard */,
				E1CE154A1F2CD2FC00966263 /* Assets.xcassets */,
				E1CE154C1F2CD2FC00966263 /* LaunchScreen.storyboard */,
				E1CE154F1F2CD2FC00966263 /* Info.plist */,
			);
			path = LocalNotification;
			sourceTree = "<group>";
		};
		E1CE15571F2CD2FC00966263 /* LocalNotificationTests */ = {
			isa = PBXGroup;
			children = (
				E1CE15581F2CD2FC00966263 /* LocalNotificationTests.swift */,
				E1CE155A1F2CD2FC00966263 /* Info.plist */,
			);
			path = LocalNotificationTests;
			sourceTree = "<group>";
		};
		E1CE15621F2CD2FC00966263 /* LocalNotificationUITests */ = {
			isa = PBXGroup;
			children = (
				E1CE15631F2CD2FC00966263 /* LocalNotificationUITests.swift */,
				E1CE15651F2CD2FC00966263 /* Info.plist */,
			);
			path = LocalNotificationUITests;
			sourceTree = "<group>";
		};
/* End PBXGroup section */

/* Begin PBXNativeTarget section */
		E1CE153F1F2CD2FC00966263 /* LocalNotification */ = {
			isa = PBXNativeTarget;
			buildConfigurationList = E1CE15681F2CD2FC00966263 /* Build configuration list for PBXNativeTarget "LocalNotification" */;
			buildPhases = (
				E1CE153C1F2CD2FC00966263 /* Sources */,
				E1CE153D1F2CD2FC00966263 /* Frameworks */,
				E1CE153E1F2CD2FC00966263 /* Resources */,
			);
			buildRules = (
			);
			dependencies = (
			);
			name = LocalNotification;
			productName = LocalNotification;
			productReference = E1CE15401F2CD2FC00966263 /* LocalNotification.app */;
			productType = "com.apple.product-type.application";
		};
		E1CE15531F2CD2FC00966263 /* LocalNotificationTests */ = {
			isa = PBXNativeTarget;
			buildConfigurationList = E1CE156B1F2CD2FC00966263 /* Build configuration list for PBXNativeTarget "LocalNotificationTests" */;
			buildPhases = (
				E1CE15501F2CD2FC00966263 /* Sources */,
				E1CE15511F2CD2FC00966263 /* Frameworks */,
				E1CE15521F2CD2FC00966263 /* Resources */,
			);
			buildRules = (
			);
			dependencies = (
				E1CE15561F2CD2FC00966263 /* PBXTargetDependency */,
			);
			name = LocalNotificationTests;
			productName = LocalNotificationTests;
			productReference = E1CE15541F2CD2FC00966263 /* LocalNotificationTests.xctest */;
			productType = "com.apple.product-type.bundle.unit-test";
		};
		E1CE155E1F2CD2FC00966263 /* LocalNotificationUITests */ = {
			isa = PBXNativeTarget;
			buildConfigurationList = E1CE156E1F2CD2FC00966263 /* Build configuration list for PBXNativeTarget "LocalNotificationUITests" */;
			buildPhases = (
				E1CE155B1F2CD2FC00966263 /* Sources */,
				E1CE155C1F2CD2FC00966263 /* Frameworks */,
				E1CE155D1F2CD2FC00966263 /* Resources */,
			);
			buildRules = (
			);
			dependencies = (
				E1CE15611F2CD2FC00966263 /* PBXTargetDependency */,
			);
			name = LocalNotificationUITests;
			productName = LocalNotificationUITests;
			productReference = E1CE155F1F2CD2FC00966263 /* LocalNotificationUITests.xctest */;
			productType = "com.apple.product-type.bundle.ui-testing";
		};
/* End PBXNativeTarget section */

/* Begin PBXProject section */
		E1CE15381F2CD2FC00966263 /* Project object */ = {
			isa = PBXProject;
			attributes = {
				LastSwiftUpdateCheck = 0820;
				LastUpgradeCheck = 0820;
				ORGANIZATIONNAME = "Robert González";
				TargetAttributes = {
					E1CE153F1F2CD2FC00966263 = {
						CreatedOnToolsVersion = 8.2.1;
						DevelopmentTeam = C43T8QRVTC;
						ProvisioningStyle = Automatic;
					};
					E1CE15531F2CD2FC00966263 = {
						CreatedOnToolsVersion = 8.2.1;
						DevelopmentTeam = C43T8QRVTC;
						ProvisioningStyle = Automatic;
						TestTargetID = E1CE153F1F2CD2FC00966263;
					};
					E1CE155E1F2CD2FC00966263 = {
						CreatedOnToolsVersion = 8.2.1;
						DevelopmentTeam = C43T8QRVTC;
						ProvisioningStyle = Automatic;
						TestTargetID = E1CE153F1F2CD2FC00966263;
					};
				};
			};
			buildConfigurationList = E1CE153B1F2CD2FC00966263 /* Build configuration list for PBXProject "LocalNotification" */;
			compatibilityVersion = "Xcode 3.2";
			developmentRegion = English;
			hasScannedForEncodings = 0;
			knownRegions = (
				en,
				Base,
			);
			mainGroup = E1CE15371F2CD2FC00966263;
			productRefGroup = E1CE15411F2CD2FC00966263 /* Products */;
			projectDirPath = "";
			projectRoot = "";
			targets = (
				E1CE153F1F2CD2FC00966263 /* LocalNotification */,
				E1CE15531F2CD2FC00966263 /* LocalNotificationTests */,
				E1CE155E1F2CD2FC00966263 /* LocalNotificationUITests */,
			);
		};
/* End PBXProject section */

/* Begin PBXResourcesBuildPhase section */
		E1CE153E1F2CD2FC00966263 /* Resources */ = {
			isa = PBXResourcesBuildPhase;
			buildActionMask = 2147483647;
			files = (
				E1CE154E1F2CD2FC00966263 /* LaunchScreen.storyboard in Resources */,
				E1CE154B1F2CD2FC00966263 /* Assets.xcassets in Resources */,
				E1CE15491F2CD2FC00966263 /* Main.storyboard in Resources */,
			);
			runOnlyForDeploymentPostprocessing = 0;
		};
		E1CE15521F2CD2FC00966263 /* Resources */ = {
			isa = PBXResourcesBuildPhase;
			buildActionMask = 2147483647;
			files = (
			);
			runOnlyForDeploymentPostprocessing = 0;
		};
		E1CE155D1F2CD2FC00966263 /* Resources */ = {
			isa = PBXResourcesBuildPhase;
			buildActionMask = 2147483647;
			files = (
			);
			runOnlyForDeploymentPostprocessing = 0;
		};
/* End PBXResourcesBuildPhase section */

/* Begin PBXSourcesBuildPhase section */
		E1CE153C1F2CD2FC00966263 /* Sources */ = {
			isa = PBXSourcesBuildPhase;
			buildActionMask = 2147483647;
			files = (
				E1CE15461F2CD2FC00966263 /* ViewController.swift in Sources */,
				E1CE15441F2CD2FC00966263 /* AppDelegate.swift in Sources */,
			);
			runOnlyForDeploymentPostprocessing = 0;
		};
		E1CE15501F2CD2FC00966263 /* Sources */ = {
			isa = PBXSourcesBuildPhase;
			buildActionMask = 2147483647;
			files = (
				E1CE15591F2CD2FC00966263 /* LocalNotificationTests.swift in Sources */,
			);
			runOnlyForDeploymentPostprocessing = 0;
		};
		E1CE155B1F2CD2FC00966263 /* Sources */ = {
			isa = PBXSourcesBuildPhase;
			buildActionMask = 2147483647;
			files = (
				E1CE15641F2CD2FC00966263 /* LocalNotificationUITests.swift in Sources */,
			);
			runOnlyForDeploymentPostprocessing = 0;
		};
/* End PBXSourcesBuildPhase section */

/* Begin PBXTargetDependency section */
		E1CE15561F2CD2FC00966263 /* PBXTargetDependency */ = {
			isa = PBXTargetDependency;
			target = E1CE153F1F2CD2FC00966263 /* LocalNotification */;
			targetProxy = E1CE15551F2CD2FC00966263 /* PBXContainerItemProxy */;
		};
		E1CE15611F2CD2FC00966263 /* PBXTargetDependency */ = {
			isa = PBXTargetDependency;
			target = E1CE153F1F2CD2FC00966263 /* LocalNotification */;
			targetProxy = E1CE15601F2CD2FC00966263 /* PBXContainerItemProxy */;
		};
/* End PBXTargetDependency section */

/* Begin PBXVariantGroup section */
		E1CE15471F2CD2FC00966263 /* Main.storyboard */ = {
			isa = PBXVariantGroup;
			children = (
				E1CE15481F2CD2FC00966263 /* Base */,
			);
			name = Main.storyboard;
			sourceTree = "<group>";
		};
		E1CE154C1F2CD2FC00966263 /* LaunchScreen.storyboard */ = {
			isa = PBXVariantGroup;
			children = (
				E1CE154D1F2CD2FC00966263 /* Base */,
			);
			name = LaunchScreen.storyboard;
			sourceTree = "<group>";
		};
/* End PBXVariantGroup section */

/* Begin XCBuildConfiguration section */
		E1CE15661F2CD2FC00966263 /* Debug */ = {
			isa = XCBuildConfiguration;
			buildSettings = {
				ALWAYS_SEARCH_USER_PATHS = NO;
				CLANG_ANALYZER_NONNULL = YES;
				CLANG_CXX_LANGUAGE_STANDARD = "gnu++0x";
				CLANG_CXX_LIBRARY = "libc++";
				CLANG_ENABLE_MODULES = YES;
				CLANG_ENABLE_OBJC_ARC = YES;
				CLANG_WARN_BOOL_CONVERSION = YES;
				CLANG_WARN_CONSTANT_CONVERSION = YES;
				CLANG_WARN_DIRECT_OBJC_ISA_USAGE = YES_ERROR;
				CLANG_WARN_DOCUMENTATION_COMMENTS = YES;
				CLANG_WARN_EMPTY_BODY = YES;
				CLANG_WARN_ENUM_CONVERSION = YES;
				CLANG_WARN_INFINITE_RECURSION = YES;
				CLANG_WARN_INT_CONVERSION = YES;
				CLANG_WARN_OBJC_ROOT_CLASS = YES_ERROR;
				CLANG_WARN_SUSPICIOUS_MOVE = YES;
				CLANG_WARN_UNREACHABLE_CODE = YES;
				CLANG_WARN__DUPLICATE_METHOD_MATCH = YES;
				"CODE_SIGN_IDENTITY[sdk=iphoneos*]" = "iPhone Developer";
				COPY_PHASE_STRIP = NO;
				DEBUG_INFORMATION_FORMAT = dwarf;
				ENABLE_STRICT_OBJC_MSGSEND = YES;
				ENABLE_TESTABILITY = YES;
				GCC_C_LANGUAGE_STANDARD = gnu99;
				GCC_DYNAMIC_NO_PIC = NO;
				GCC_NO_COMMON_BLOCKS = YES;
				GCC_OPTIMIZATION_LEVEL = 0;
				GCC_PREPROCESSOR_DEFINITIONS = (
					"DEBUG=1",
					"$(inherited)",
				);
				GCC_WARN_64_TO_32_BIT_CONVERSION = YES;
				GCC_WARN_ABOUT_RETURN_TYPE = YES_ERROR;
				GCC_WARN_UNDECLARED_SELECTOR = YES;
				GCC_WARN_UNINITIALIZED_AUTOS = YES_AGGRESSIVE;
				GCC_WARN_UNUSED_FUNCTION = YES;
				GCC_WARN_UNUSED_VARIABLE = YES;
				IPHONEOS_DEPLOYMENT_TARGET = 10.2;
				MTL_ENABLE_DEBUG_INFO = YES;
				ONLY_ACTIVE_ARCH = YES;
				SDKROOT = iphoneos;
				SWIFT_ACTIVE_COMPILATION_CONDITIONS = DEBUG;
				SWIFT_OPTIMIZATION_LEVEL = "-Onone";
				TARGETED_DEVICE_FAMILY = "1,2";
			};
			name = Debug;
		};
		E1CE15671F2CD2FC00966263 /* Release */ = {
			isa = XCBuildConfiguration;
			buildSettings = {
				ALWAYS_SEARCH_USER_PATHS = NO;
				CLANG_ANALYZER_NONNULL = YES;
				CLANG_CXX_LANGUAGE_STANDARD = "gnu++0x";
				CLANG_CXX_LIBRARY = "libc++";
				CLANG_ENABLE_MODULES = YES;
				CLANG_ENABLE_OBJC_ARC = YES;
				CLANG_WARN_BOOL_CONVERSION = YES;
				CLANG_WARN_CONSTANT_CONVERSION = YES;
				CLANG_WARN_DIRECT_OBJC_ISA_USAGE = YES_ERROR;
				CLANG_WARN_DOCUMENTATION_COMMENTS = YES;
				CLANG_WARN_EMPTY_BODY = YES;
				CLANG_WARN_ENUM_CONVERSION = YES;
				CLANG_WARN_INFINITE_RECURSION = YES;
				CLANG_WARN_INT_CONVERSION = YES;
				CLANG_WARN_OBJC_ROOT_CLASS = YES_ERROR;
				CLANG_WARN_SUSPICIOUS_MOVE = YES;
				CLANG_WARN_UNREACHABLE_CODE = YES;
				CLANG_WARN__DUPLICATE_METHOD_MATCH = YES;
				"CODE_SIGN_IDENTITY[sdk=iphoneos*]" = "iPhone Developer";
				COPY_PHASE_STRIP = NO;
				DEBUG_INFORMATION_FORMAT = "dwarf-with-dsym";
				ENABLE_NS_ASSERTIONS = NO;
				ENABLE_STRICT_OBJC_MSGSEND = YES;
				GCC_C_LANGUAGE_STANDARD = gnu99;
				GCC_NO_COMMON_BLOCKS = YES;
				GCC_WARN_64_TO_32_BIT_CONVERSION = YES;
				GCC_WARN_ABOUT_RETURN_TYPE = YES_ERROR;
				GCC_WARN_UNDECLARED_SELECTOR = YES;
				GCC_WARN_UNINITIALIZED_AUTOS = YES_AGGRESSIVE;
				GCC_WARN_UNUSED_FUNCTION = YES;
				GCC_WARN_UNUSED_VARIABLE = YES;
				IPHONEOS_DEPLOYMENT_TARGET = 10.2;
				MTL_ENABLE_DEBUG_INFO = NO;
				SDKROOT = iphoneos;
				SWIFT_OPTIMIZATION_LEVEL = "-Owholemodule";
				TARGETED_DEVICE_FAMILY = "1,2";
				VALIDATE_PRODUCT = YES;
			};
			name = Release;
		};
		E1CE15691F2CD2FC00966263 /* Debug */ = {
			isa = XCBuildConfiguration;
			buildSettings = {
				ASSETCATALOG_COMPILER_APPICON_NAME = AppIcon;
				DEVELOPMENT_TEAM = C43T8QRVTC;
				INFOPLIST_FILE = LocalNotification/Info.plist;
				LD_RUNPATH_SEARCH_PATHS = "$(inherited) @executable_path/Frameworks";
				PRODUCT_BUNDLE_IDENTIFIER = "Robert-Gonza-lez.LocalNotification";
				PRODUCT_NAME = "$(TARGET_NAME)";
				SWIFT_VERSION = 3.0;
			};
			name = Debug;
		};
		E1CE156A1F2CD2FC00966263 /* Release */ = {
			isa = XCBuildConfiguration;
			buildSettings = {
				ASSETCATALOG_COMPILER_APPICON_NAME = AppIcon;
				DEVELOPMENT_TEAM = C43T8QRVTC;
				INFOPLIST_FILE = LocalNotification/Info.plist;
				LD_RUNPATH_SEARCH_PATHS = "$(inherited) @executable_path/Frameworks";
				PRODUCT_BUNDLE_IDENTIFIER = "Robert-Gonza-lez.LocalNotification";
				PRODUCT_NAME = "$(TARGET_NAME)";
				SWIFT_VERSION = 3.0;
			};
			name = Release;
		};
		E1CE156C1F2CD2FC00966263 /* Debug */ = {
			isa = XCBuildConfiguration;
			buildSettings = {
				ALWAYS_EMBED_SWIFT_STANDARD_LIBRARIES = YES;
				BUNDLE_LOADER = "$(TEST_HOST)";
				DEVELOPMENT_TEAM = C43T8QRVTC;
				INFOPLIST_FILE = LocalNotificationTests/Info.plist;
				LD_RUNPATH_SEARCH_PATHS = "$(inherited) @executable_path/Frameworks @loader_path/Frameworks";
				PRODUCT_BUNDLE_IDENTIFIER = "Robert-Gonza-lez.LocalNotificationTests";
				PRODUCT_NAME = "$(TARGET_NAME)";
				SWIFT_VERSION = 3.0;
				TEST_HOST = "$(BUILT_PRODUCTS_DIR)/LocalNotification.app/LocalNotification";
			};
			name = Debug;
		};
		E1CE156D1F2CD2FC00966263 /* Release */ = {
			isa = XCBuildConfiguration;
			buildSettings = {
				ALWAYS_EMBED_SWIFT_STANDARD_LIBRARIES = YES;
				BUNDLE_LOADER = "$(TEST_HOST)";
				DEVELOPMENT_TEAM = C43T8QRVTC;
				INFOPLIST_FILE = LocalNotificationTests/Info.plist;
				LD_RUNPATH_SEARCH_PATHS = "$(inherited) @executable_path/Frameworks @loader_path/Frameworks";
				PRODUCT_BUNDLE_IDENTIFIER = "Robert-Gonza-lez.LocalNotificationTests";
				PRODUCT_NAME = "$(TARGET_NAME)";
				SWIFT_VERSION = 3.0;
				TEST_HOST = "$(BUILT_PRODUCTS_DIR)/LocalNotification.app/LocalNotification";
			};
			name = Release;
		};
		E1CE156F1F2CD2FC00966263 /* Debug */ = {
			isa = XCBuildConfiguration;
			buildSettings = {
				ALWAYS_EMBED_SWIFT_STANDARD_LIBRARIES = YES;
				DEVELOPMENT_TEAM = C43T8QRVTC;
				INFOPLIST_FILE = LocalNotificationUITests/Info.plist;
				LD_RUNPATH_SEARCH_PATHS = "$(inherited) @executable_path/Frameworks @loader_path/Frameworks";
				PRODUCT_BUNDLE_IDENTIFIER = "Robert-Gonza-lez.LocalNotificationUITests";
				PRODUCT_NAME = "$(TARGET_NAME)";
				SWIFT_VERSION = 3.0;
				TEST_TARGET_NAME = LocalNotification;
			};
			name = Debug;
		};
		E1CE15701F2CD2FC00966263 /* Release */ = {
			isa = XCBuildConfiguration;
			buildSettings = {
				ALWAYS_EMBED_SWIFT_STANDARD_LIBRARIES = YES;
				DEVELOPMENT_TEAM = C43T8QRVTC;
				INFOPLIST_FILE = LocalNotificationUITests/Info.plist;
				LD_RUNPATH_SEARCH_PATHS = "$(inherited) @executable_path/Frameworks @loader_path/Frameworks";
				PRODUCT_BUNDLE_IDENTIFIER = "Robert-Gonza-lez.LocalNotificationUITests";
				PRODUCT_NAME = "$(TARGET_NAME)";
				SWIFT_VERSION = 3.0;
				TEST_TARGET_NAME = LocalNotification;
			};
			name = Release;
		};
/* End XCBuildConfiguration section */

/* Begin XCConfigurationList section */
		E1CE153B1F2CD2FC00966263 /* Build configuration list for PBXProject "LocalNotification" */ = {
			isa = XCConfigurationList;
			buildConfigurations = (
				E1CE15661F2CD2FC00966263 /* Debug */,
				E1CE15671F2CD2FC00966263 /* Release */,
			);
			defaultConfigurationIsVisible = 0;
			defaultConfigurationName = Release;
		};
		E1CE15681F2CD2FC00966263 /* Build configuration list for PBXNativeTarget "LocalNotification" */ = {
			isa = XCConfigurationList;
			buildConfigurations = (
				E1CE15691F2CD2FC00966263 /* Debug */,
				E1CE156A1F2CD2FC00966263 /* Release */,
			);
			defaultConfigurationIsVisible = 0;
		};
		E1CE156B1F2CD2FC00966263 /* Build configuration list for PBXNativeTarget "LocalNotificationTests" */ = {
			isa = XCConfigurationList;
			buildConfigurations = (
				E1CE156C1F2CD2FC00966263 /* Debug */,
				E1CE156D1F2CD2FC00966263 /* Release */,
			);
			defaultConfigurationIsVisible = 0;
		};
		E1CE156E1F2CD2FC00966263 /* Build configuration list for PBXNativeTarget "LocalNotificationUITests" */ = {
			isa = XCConfigurationList;
			buildConfigurations = (
				E1CE156F1F2CD2FC00966263 /* Debug */,
				E1CE15701F2CD2FC00966263 /* Release */,
			);
			defaultConfigurationIsVisible = 0;
		};
/* End XCConfigurationList section */
	};
	rootObject = E1CE15381F2CD2FC00966263 /* Project object */;
}
